
Microsoft Visual Studio Solution File, Format Version 12.00
# Visual Studio Version 17
VisualStudioVersion = 17.0.32126.317
MinimumVisualStudioVersion = 10.0.40219.1
Project("{FAE04EC0-301F-11D3-BF4B-00C04F79EFBC}") = "solbeg_1", "solbeg_1\solbeg_1.csproj", "{4509957F-E3B4-4AA4-8987-098E17ABBB89}"
EndProject
Global
	GlobalSection(SolutionConfigurationPlatforms) = preSolution
		Debug|Any CPU = Debug|Any CPU
		Release|Any CPU = Release|Any CPU
	EndGlobalSection
	GlobalSection(ProjectConfigurationPlatforms) = postSolution
		{4509957F-E3B4-4AA4-8987-098E17ABBB89}.Debug|Any CPU.ActiveCfg = Debug|Any CPU
		{4509957F-E3B4-4AA4-8987-098E17ABBB89}.Debug|Any CPU.Build.0 = Debug|Any CPU
		{4509957F-E3B4-4AA4-8987-098E17ABBB89}.Release|Any CPU.ActiveCfg = Release|Any CPU
		{4509957F-E3B4-4AA4-8987-098E17ABBB89}.Release|Any CPU.Build.0 = Release|Any CPU
	EndGlobalSection
	GlobalSection(SolutionProperties) = preSolution
		HideSolutionNode = FALSE
	EndGlobalSection
	GlobalSection(ExtensibilityGlobals) = postSolution
		SolutionGuid = {72A22F00-22D1-49BF-8669-CBA4A04BE114}
	EndGlobalSection
EndGlobal
